
Microsoft Visual Studio Solution File, Format Version 12.00
# Visual Studio Version 16
VisualStudioVersion = 16.0.32002.261
MinimumVisualStudioVersion = 10.0.40219.1
Project("{9A19103F-16F7-4668-BE54-9A1E7A4F7556}") = "EmployeeWebApi", "EmployeeWebApi.csproj", "{3364AF7A-4C36-4C34-AB79-FB3CAEA46806}"
EndProject
Project("{FAE04EC0-301F-11D3-BF4B-00C04F79EFBC}") = "EmployeeWebApi.Services", "..\EmployeeWebApi.Services\EmployeeWebApi.Services.csproj", "{CAB562ED-B132-4F43-AA29-BF13952678AB}"
EndProject
Project("{FAE04EC0-301F-11D3-BF4B-00C04F79EFBC}") = "EmployeeWebApi.Models", "..\EmployeeWebApi.Models\EmployeeWebApi.Models.csproj", "{FB705C3B-8D5B-489B-83BA-119E2C204111}"
EndProject
Global
	GlobalSection(SolutionConfigurationPlatforms) = preSolution
		Debug|Any CPU = Debug|Any CPU
		Release|Any CPU = Release|Any CPU
	EndGlobalSection
	GlobalSection(ProjectConfigurationPlatforms) = postSolution
		{3364AF7A-4C36-4C34-AB79-FB3CAEA46806}.Debug|Any CPU.ActiveCfg = Debug|Any CPU
		{3364AF7A-4C36-4C34-AB79-FB3CAEA46806}.Debug|Any CPU.Build.0 = Debug|Any CPU
		{3364AF7A-4C36-4C34-AB79-FB3CAEA46806}.Release|Any CPU.ActiveCfg = Release|Any CPU
		{3364AF7A-4C36-4C34-AB79-FB3CAEA46806}.Release|Any CPU.Build.0 = Release|Any CPU
		{CAB562ED-B132-4F43-AA29-BF13952678AB}.Debug|Any CPU.ActiveCfg = Debug|Any CPU
		{CAB562ED-B132-4F43-AA29-BF13952678AB}.Debug|Any CPU.Build.0 = Debug|Any CPU
		{CAB562ED-B132-4F43-AA29-BF13952678AB}.Release|Any CPU.ActiveCfg = Release|Any CPU
		{CAB562ED-B132-4F43-AA29-BF13952678AB}.Release|Any CPU.Build.0 = Release|Any CPU
		{FB705C3B-8D5B-489B-83BA-119E2C204111}.Debug|Any CPU.ActiveCfg = Debug|Any CPU
		{FB705C3B-8D5B-489B-83BA-119E2C204111}.Debug|Any CPU.Build.0 = Debug|Any CPU
		{FB705C3B-8D5B-489B-83BA-119E2C204111}.Release|Any CPU.ActiveCfg = Release|Any CPU
		{FB705C3B-8D5B-489B-83BA-119E2C204111}.Release|Any CPU.Build.0 = Release|Any CPU
	EndGlobalSection
	GlobalSection(SolutionProperties) = preSolution
		HideSolutionNode = FALSE
	EndGlobalSection
	GlobalSection(ExtensibilityGlobals) = postSolution
		SolutionGuid = {51A73E62-B436-4565-8261-E6BC31CEA7F7}
	EndGlobalSection
EndGlobal
